
Microsoft Visual Studio Solution File, Format Version 12.00
# Visual Studio Version 16
VisualStudioVersion = 16.0.29503.13
MinimumVisualStudioVersion = 10.0.40219.1
Project("{9092AA53-FB77-4645-B42D-1CCCA6BD08BD}") = "EventManager", "EventManager.njsproj", "{CB34DFA3-EBF3-4D80-A0D6-892A736F5C66}"
EndProject
Global
	GlobalSection(SolutionConfigurationPlatforms) = preSolution
		Debug|Any CPU = Debug|Any CPU
		Release|Any CPU = Release|Any CPU
	EndGlobalSection
	GlobalSection(ProjectConfigurationPlatforms) = postSolution
		{CB34DFA3-EBF3-4D80-A0D6-892A736F5C66}.Debug|Any CPU.ActiveCfg = Debug|Any CPU
		{CB34DFA3-EBF3-4D80-A0D6-892A736F5C66}.Debug|Any CPU.Build.0 = Debug|Any CPU
		{CB34DFA3-EBF3-4D80-A0D6-892A736F5C66}.Release|Any CPU.ActiveCfg = Release|Any CPU
		{CB34DFA3-EBF3-4D80-A0D6-892A736F5C66}.Release|Any CPU.Build.0 = Release|Any CPU
	EndGlobalSection
	GlobalSection(SolutionProperties) = preSolution
		HideSolutionNode = FALSE
	EndGlobalSection
	GlobalSection(ExtensibilityGlobals) = postSolution
		SolutionGuid = {BE5BD52E-6C36-4FCB-B7B3-DFF3AB450B4F}
	EndGlobalSection
EndGlobal
